
Microsoft Visual Studio Solution File, Format Version 12.00
# Visual Studio Version 17
VisualStudioVersion = 17.5.002.0
MinimumVisualStudioVersion = 10.0.40219.1
Project("{9A19103F-16F7-4668-BE54-9A1E7A4F7556}") = "HealthClinic", "HealthClinic.csproj", "{8A6631F2-50C9-4698-89EE-216255D7E8CC}"
EndProject
Global
	GlobalSection(SolutionConfigurationPlatforms) = preSolution
		Debug|Any CPU = Debug|Any CPU
		Release|Any CPU = Release|Any CPU
	EndGlobalSection
	GlobalSection(ProjectConfigurationPlatforms) = postSolution
		{8A6631F2-50C9-4698-89EE-216255D7E8CC}.Debug|Any CPU.ActiveCfg = Debug|Any CPU
		{8A6631F2-50C9-4698-89EE-216255D7E8CC}.Debug|Any CPU.Build.0 = Debug|Any CPU
		{8A6631F2-50C9-4698-89EE-216255D7E8CC}.Release|Any CPU.ActiveCfg = Release|Any CPU
		{8A6631F2-50C9-4698-89EE-216255D7E8CC}.Release|Any CPU.Build.0 = Release|Any CPU
	EndGlobalSection
	GlobalSection(SolutionProperties) = preSolution
		HideSolutionNode = FALSE
	EndGlobalSection
	GlobalSection(ExtensibilityGlobals) = postSolution
		SolutionGuid = {7CF4AE8D-2958-4D33-8DC6-E7E8A47D3C04}
	EndGlobalSection
EndGlobal
